// !$*UTF8*$!
{
	archiveVersion = 1;
	classes = {
	};
	objectVersion = 60;
	objects = {

/* Begin PBXBuildFile section */
		D4052F082C8A7E1900684111 /* MobileContentManager in Frameworks */ = {isa = PBXBuildFile; productRef = D4052F072C8A7E1900684111 /* MobileContentManager */; };
		D4052F0A2C8A7E3300684111 /* MobileContentManager in Frameworks */ = {isa = PBXBuildFile; productRef = D4052F092C8A7E3300684111 /* MobileContentManager */; };
		D4413AFB2C8DFF1E002A97B8 /* Localizable.xcstrings in Resources */ = {isa = PBXBuildFile; fileRef = D4413AFA2C8DFF1E002A97B8 /* Localizable.xcstrings */; };
		D49FF4742B950A7700C7EFE2 /* ChapterView.swift in Sources */ = {isa = PBXBuildFile; fileRef = D49FF4732B950A7700C7EFE2 /* ChapterView.swift */; };
		D4CBCC742C8682AC007DB031 /* Utility.swift in Sources */ = {isa = PBXBuildFile; fileRef = D4CBCC732C8682AC007DB031 /* Utility.swift */; };
		D4CBCC762C86832C007DB031 /* NovelReader.db in Resources */ = {isa = PBXBuildFile; fileRef = D4CBCC752C86832C007DB031 /* NovelReader.db */; };
		D4CBCC792C868983007DB031 /* MobileContentManager in Frameworks */ = {isa = PBXBuildFile; productRef = D4CBCC782C868983007DB031 /* MobileContentManager */; };
		D4CC76612AC5974C001FAE7D /* MobileTheme in Frameworks */ = {isa = PBXBuildFile; productRef = D4CC76602AC5974C001FAE7D /* MobileTheme */; };
		DE16293B290492E600DD3E36 /* Theme.json in Resources */ = {isa = PBXBuildFile; fileRef = DE16293A290492E600DD3E36 /* Theme.json */; };
		DE305F2129175AAA0006D6CA /* LibaryView.swift in Sources */ = {isa = PBXBuildFile; fileRef = DE305F2029175AAA0006D6CA /* LibaryView.swift */; };
		DE73DEE128DF99BB00EEDCFA /* NovelReaderApp.swift in Sources */ = {isa = PBXBuildFile; fileRef = DE73DEE028DF99BB00EEDCFA /* NovelReaderApp.swift */; };
		DE73DEE328DF99BB00EEDCFA /* ContentView.swift in Sources */ = {isa = PBXBuildFile; fileRef = DE73DEE228DF99BB00EEDCFA /* ContentView.swift */; };
		DE73DEE528DF99BD00EEDCFA /* Assets.xcassets in Resources */ = {isa = PBXBuildFile; fileRef = DE73DEE428DF99BD00EEDCFA /* Assets.xcassets */; };
		DE73DEE828DF99BD00EEDCFA /* Preview Assets.xcassets in Resources */ = {isa = PBXBuildFile; fileRef = DE73DEE728DF99BD00EEDCFA /* Preview Assets.xcassets */; };
		DE73DEEA28DF99BD00EEDCFA /* ContentStore.swift in Sources */ = {isa = PBXBuildFile; fileRef = DE73DEE928DF99BD00EEDCFA /* ContentStore.swift */; };
		DE73DEF828DF99BE00EEDCFA /* NovelReaderTests.swift in Sources */ = {isa = PBXBuildFile; fileRef = DE73DEF728DF99BE00EEDCFA /* NovelReaderTests.swift */; };
		DE73DF0228DF99BE00EEDCFA /* NovelReaderUITests.swift in Sources */ = {isa = PBXBuildFile; fileRef = DE73DF0128DF99BE00EEDCFA /* NovelReaderUITests.swift */; };
		DE73DF0428DF99BE00EEDCFA /* NovelReaderUITestsLaunchTests.swift in Sources */ = {isa = PBXBuildFile; fileRef = DE73DF0328DF99BE00EEDCFA /* NovelReaderUITestsLaunchTests.swift */; };
		DE7A45732909D934003AB2AD /* NovelView.swift in Sources */ = {isa = PBXBuildFile; fileRef = DE7A45722909D934003AB2AD /* NovelView.swift */; };
		DE7A45752909D949003AB2AD /* ProfileView.swift in Sources */ = {isa = PBXBuildFile; fileRef = DE7A45742909D949003AB2AD /* ProfileView.swift */; };
		DEB64125290F1DB200DC0A49 /* Destinations.swift in Sources */ = {isa = PBXBuildFile; fileRef = DEB64124290F1DB200DC0A49 /* Destinations.swift */; };
/* End PBXBuildFile section */

/* Begin PBXContainerItemProxy section */
		DE73DEF428DF99BE00EEDCFA /* PBXContainerItemProxy */ = {
			isa = PBXContainerItemProxy;
			containerPortal = DE73DED528DF99BB00EEDCFA /* Project object */;
			proxyType = 1;
			remoteGlobalIDString = DE73DEDC28DF99BB00EEDCFA;
			remoteInfo = NovelReader;
		};
		DE73DEFE28DF99BE00EEDCFA /* PBXContainerItemProxy */ = {
			isa = PBXContainerItemProxy;
			containerPortal = DE73DED528DF99BB00EEDCFA /* Project object */;
			proxyType = 1;
			remoteGlobalIDString = DE73DEDC28DF99BB00EEDCFA;
			remoteInfo = NovelReader;
		};
/* End PBXContainerItemProxy section */

/* Begin PBXFileReference section */
		D4413AFA2C8DFF1E002A97B8 /* Localizable.xcstrings */ = {isa = PBXFileReference; lastKnownFileType = text.json.xcstrings; path = Localizable.xcstrings; sourceTree = "<group>"; };
		D49FF4732B950A7700C7EFE2 /* ChapterView.swift */ = {isa = PBXFileReference; lastKnownFileType = sourcecode.swift; path = ChapterView.swift; sourceTree = "<group>"; };
		D4CBCC732C8682AC007DB031 /* Utility.swift */ = {isa = PBXFileReference; lastKnownFileType = sourcecode.swift; path = Utility.swift; sourceTree = "<group>"; };
		D4CBCC752C86832C007DB031 /* NovelReader.db */ = {isa = PBXFileReference; lastKnownFileType = file; name = NovelReader.db; path = NovelReader/CoreData/NovelReader.db; sourceTree = SOURCE_ROOT; };
		DE16293A290492E600DD3E36 /* Theme.json */ = {isa = PBXFileReference; fileEncoding = 4; lastKnownFileType = text.json; path = Theme.json; sourceTree = "<group>"; };
		DE305F2029175AAA0006D6CA /* LibaryView.swift */ = {isa = PBXFileReference; lastKnownFileType = sourcecode.swift; path = LibaryView.swift; sourceTree = "<group>"; };
		DE73DEDD28DF99BB00EEDCFA /* NovelReader.app */ = {isa = PBXFileReference; explicitFileType = wrapper.application; includeInIndex = 0; path = NovelReader.app; sourceTree = BUILT_PRODUCTS_DIR; };
		DE73DEE028DF99BB00EEDCFA /* NovelReaderApp.swift */ = {isa = PBXFileReference; lastKnownFileType = sourcecode.swift; path = NovelReaderApp.swift; sourceTree = "<group>"; };
		DE73DEE228DF99BB00EEDCFA /* ContentView.swift */ = {isa = PBXFileReference; lastKnownFileType = sourcecode.swift; path = ContentView.swift; sourceTree = "<group>"; };
		DE73DEE428DF99BD00EEDCFA /* Assets.xcassets */ = {isa = PBXFileReference; lastKnownFileType = folder.assetcatalog; path = Assets.xcassets; sourceTree = "<group>"; };
		DE73DEE728DF99BD00EEDCFA /* Preview Assets.xcassets */ = {isa = PBXFileReference; lastKnownFileType = folder.assetcatalog; path = "Preview Assets.xcassets"; sourceTree = "<group>"; };
		DE73DEE928DF99BD00EEDCFA /* ContentStore.swift */ = {isa = PBXFileReference; lastKnownFileType = sourcecode.swift; path = ContentStore.swift; sourceTree = "<group>"; };
		DE73DEEE28DF99BD00EEDCFA /* Info.plist */ = {isa = PBXFileReference; lastKnownFileType = text.plist.xml; path = Info.plist; sourceTree = "<group>"; };
		DE73DEF328DF99BE00EEDCFA /* NovelReaderTests.xctest */ = {isa = PBXFileReference; explicitFileType = wrapper.cfbundle; includeInIndex = 0; path = NovelReaderTests.xctest; sourceTree = BUILT_PRODUCTS_DIR; };
		DE73DEF728DF99BE00EEDCFA /* NovelReaderTests.swift */ = {isa = PBXFileReference; lastKnownFileType = sourcecode.swift; path = NovelReaderTests.swift; sourceTree = "<group>"; };
		DE73DEFD28DF99BE00EEDCFA /* NovelReaderUITests.xctest */ = {isa = PBXFileReference; explicitFileType = wrapper.cfbundle; includeInIndex = 0; path = NovelReaderUITests.xctest; sourceTree = BUILT_PRODUCTS_DIR; };
		DE73DF0128DF99BE00EEDCFA /* NovelReaderUITests.swift */ = {isa = PBXFileReference; lastKnownFileType = sourcecode.swift; path = NovelReaderUITests.swift; sourceTree = "<group>"; };
		DE73DF0328DF99BE00EEDCFA /* NovelReaderUITestsLaunchTests.swift */ = {isa = PBXFileReference; lastKnownFileType = sourcecode.swift; path = NovelReaderUITestsLaunchTests.swift; sourceTree = "<group>"; };
		DE73DF1228DF9BCE00EEDCFA /* NovelReader.xctestplan */ = {isa = PBXFileReference; lastKnownFileType = text; name = NovelReader.xctestplan; path = NovelReader.xcodeproj/NovelReader.xctestplan; sourceTree = "<group>"; };
		DE73DF1428DF9F6B00EEDCFA /* workflows */ = {isa = PBXFileReference; lastKnownFileType = folder; name = workflows; path = .github/workflows; sourceTree = "<group>"; };
		DE73DF1528DF9FD200EEDCFA /* fastlane */ = {isa = PBXFileReference; lastKnownFileType = folder; path = fastlane; sourceTree = "<group>"; };
		DE73DF1828DFB22100EEDCFA /* scripts */ = {isa = PBXFileReference; lastKnownFileType = folder; path = scripts; sourceTree = "<group>"; };
		DE73DF1928DFBA1100EEDCFA /* .swiftlint.yml */ = {isa = PBXFileReference; lastKnownFileType = text.yaml; path = .swiftlint.yml; sourceTree = "<group>"; };
		DE73DF1A28DFBA1100EEDCFA /* .gitignore */ = {isa = PBXFileReference; lastKnownFileType = text; path = .gitignore; sourceTree = "<group>"; };
		DE7A45722909D934003AB2AD /* NovelView.swift */ = {isa = PBXFileReference; lastKnownFileType = sourcecode.swift; path = NovelView.swift; sourceTree = "<group>"; };
		DE7A45742909D949003AB2AD /* ProfileView.swift */ = {isa = PBXFileReference; lastKnownFileType = sourcecode.swift; path = ProfileView.swift; sourceTree = "<group>"; };
		DEB64124290F1DB200DC0A49 /* Destinations.swift */ = {isa = PBXFileReference; lastKnownFileType = sourcecode.swift; path = Destinations.swift; sourceTree = "<group>"; };
/* End PBXFileReference section */

/* Begin PBXFrameworksBuildPhase section */
		DE73DEDA28DF99BB00EEDCFA /* Frameworks */ = {
			isa = PBXFrameworksBuildPhase;
			buildActionMask = 2147483647;
			files = (
				D4CBCC792C868983007DB031 /* MobileContentManager in Frameworks */,
				D4CC76612AC5974C001FAE7D /* MobileTheme in Frameworks */,
				D4052F0A2C8A7E3300684111 /* MobileContentManager in Frameworks */,
				D4052F082C8A7E1900684111 /* MobileContentManager in Frameworks */,
			);
			runOnlyForDeploymentPostprocessing = 0;
		};
		DE73DEF028DF99BE00EEDCFA /* Frameworks */ = {
			isa = PBXFrameworksBuildPhase;
			buildActionMask = 2147483647;
			files = (
			);
			runOnlyForDeploymentPostprocessing = 0;
		};
		DE73DEFA28DF99BE00EEDCFA /* Frameworks */ = {
			isa = PBXFrameworksBuildPhase;
			buildActionMask = 2147483647;
			files = (
			);
			runOnlyForDeploymentPostprocessing = 0;
		};
/* End PBXFrameworksBuildPhase section */

/* Begin PBXGroup section */
		DE1629362904929100DD3E36 /* Frameworks */ = {
			isa = PBXGroup;
			children = (
			);
			name = Frameworks;
			sourceTree = "<group>";
		};
		DE162939290492E600DD3E36 /* Resources */ = {
			isa = PBXGroup;
			children = (
				D4413AFA2C8DFF1E002A97B8 /* Localizable.xcstrings */,
				D4CBCC752C86832C007DB031 /* NovelReader.db */,
				DE73DEE428DF99BD00EEDCFA /* Assets.xcassets */,
				DE16293A290492E600DD3E36 /* Theme.json */,
			);
			path = Resources;
			sourceTree = "<group>";
		};
		DE16293C2904933E00DD3E36 /* CoreData */ = {
			isa = PBXGroup;
			children = (
				DE73DEE928DF99BD00EEDCFA /* ContentStore.swift */,
			);
			path = CoreData;
			sourceTree = "<group>";
		};
		DE54810C29052827001A451F /* Views */ = {
			isa = PBXGroup;
			children = (
				DE7A45722909D934003AB2AD /* NovelView.swift */,
				D49FF4732B950A7700C7EFE2 /* ChapterView.swift */,
				DE7A45742909D949003AB2AD /* ProfileView.swift */,
				DE305F2029175AAA0006D6CA /* LibaryView.swift */,
			);
			path = Views;
			sourceTree = "<group>";
		};
		DE73DED428DF99BB00EEDCFA = {
			isa = PBXGroup;
			children = (
				DE73DF1328DF9F5900EEDCFA /* Git */,
				DE73DF1228DF9BCE00EEDCFA /* NovelReader.xctestplan */,
				DE73DEDF28DF99BB00EEDCFA /* NovelReader */,
				DE73DEF628DF99BE00EEDCFA /* NovelReaderTests */,
				DE73DF0028DF99BE00EEDCFA /* NovelReaderUITests */,
				DE73DEDE28DF99BB00EEDCFA /* Products */,
				DE1629362904929100DD3E36 /* Frameworks */,
			);
			sourceTree = "<group>";
		};
		DE73DEDE28DF99BB00EEDCFA /* Products */ = {
			isa = PBXGroup;
			children = (
				DE73DEDD28DF99BB00EEDCFA /* NovelReader.app */,
				DE73DEF328DF99BE00EEDCFA /* NovelReaderTests.xctest */,
				DE73DEFD28DF99BE00EEDCFA /* NovelReaderUITests.xctest */,
			);
			name = Products;
			sourceTree = "<group>";
		};
		DE73DEDF28DF99BB00EEDCFA /* NovelReader */ = {
			isa = PBXGroup;
			children = (
				DE8B846E290F3D3E00C03C76 /* Common */,
				DE73DEE028DF99BB00EEDCFA /* NovelReaderApp.swift */,
				DE73DEE228DF99BB00EEDCFA /* ContentView.swift */,
				DE54810C29052827001A451F /* Views */,
				DE16293C2904933E00DD3E36 /* CoreData */,
				DE73DEEE28DF99BD00EEDCFA /* Info.plist */,
				DE162939290492E600DD3E36 /* Resources */,
				DE73DEE628DF99BD00EEDCFA /* Preview Content */,
			);
			path = NovelReader;
			sourceTree = "<group>";
		};
		DE73DEE628DF99BD00EEDCFA /* Preview Content */ = {
			isa = PBXGroup;
			children = (
				DE73DEE728DF99BD00EEDCFA /* Preview Assets.xcassets */,
			);
			path = "Preview Content";
			sourceTree = "<group>";
		};
		DE73DEF628DF99BE00EEDCFA /* NovelReaderTests */ = {
			isa = PBXGroup;
			children = (
				DE73DEF728DF99BE00EEDCFA /* NovelReaderTests.swift */,
			);
			path = NovelReaderTests;
			sourceTree = "<group>";
		};
		DE73DF0028DF99BE00EEDCFA /* NovelReaderUITests */ = {
			isa = PBXGroup;
			children = (
				DE73DF0128DF99BE00EEDCFA /* NovelReaderUITests.swift */,
				DE73DF0328DF99BE00EEDCFA /* NovelReaderUITestsLaunchTests.swift */,
			);
			path = NovelReaderUITests;
			sourceTree = "<group>";
		};
		DE73DF1328DF9F5900EEDCFA /* Git */ = {
			isa = PBXGroup;
			children = (
				DE73DF1A28DFBA1100EEDCFA /* .gitignore */,
				DE73DF1928DFBA1100EEDCFA /* .swiftlint.yml */,
				DE73DF1828DFB22100EEDCFA /* scripts */,
				DE73DF1528DF9FD200EEDCFA /* fastlane */,
				DE73DF1428DF9F6B00EEDCFA /* workflows */,
			);
			name = Git;
			sourceTree = "<group>";
		};
		DE8B846E290F3D3E00C03C76 /* Common */ = {
			isa = PBXGroup;
			children = (
				DEB64124290F1DB200DC0A49 /* Destinations.swift */,
				D4CBCC732C8682AC007DB031 /* Utility.swift */,
			);
			path = Common;
			sourceTree = "<group>";
		};
/* End PBXGroup section */

/* Begin PBXNativeTarget section */
		DE73DEDC28DF99BB00EEDCFA /* NovelReader */ = {
			isa = PBXNativeTarget;
			buildConfigurationList = DE73DF0728DF99BE00EEDCFA /* Build configuration list for PBXNativeTarget "NovelReader" */;
			buildPhases = (
				DE73DED928DF99BB00EEDCFA /* Sources */,
				DE73DEDA28DF99BB00EEDCFA /* Frameworks */,
				DE73DEDB28DF99BB00EEDCFA /* Resources */,
				D40A2F0B2AC31ED100EBF66E /* SwiftLint Run Script */,
			);
			buildRules = (
			);
			dependencies = (
			);
			name = NovelReader;
			packageProductDependencies = (
				D4CC76602AC5974C001FAE7D /* MobileTheme */,
				D4CBCC782C868983007DB031 /* MobileContentManager */,
				D4052F072C8A7E1900684111 /* MobileContentManager */,
				D4052F092C8A7E3300684111 /* MobileContentManager */,
			);
			productName = NovelReader;
			productReference = DE73DEDD28DF99BB00EEDCFA /* NovelReader.app */;
			productType = "com.apple.product-type.application";
		};
		DE73DEF228DF99BE00EEDCFA /* NovelReaderTests */ = {
			isa = PBXNativeTarget;
			buildConfigurationList = DE73DF0A28DF99BE00EEDCFA /* Build configuration list for PBXNativeTarget "NovelReaderTests" */;
			buildPhases = (
				DE73DEEF28DF99BE00EEDCFA /* Sources */,
				DE73DEF028DF99BE00EEDCFA /* Frameworks */,
				DE73DEF128DF99BE00EEDCFA /* Resources */,
			);
			buildRules = (
			);
			dependencies = (
				DE73DEF528DF99BE00EEDCFA /* PBXTargetDependency */,
			);
			name = NovelReaderTests;
			productName = NovelReaderTests;
			productReference = DE73DEF328DF99BE00EEDCFA /* NovelReaderTests.xctest */;
			productType = "com.apple.product-type.bundle.unit-test";
		};
		DE73DEFC28DF99BE00EEDCFA /* NovelReaderUITests */ = {
			isa = PBXNativeTarget;
			buildConfigurationList = DE73DF0D28DF99BE00EEDCFA /* Build configuration list for PBXNativeTarget "NovelReaderUITests" */;
			buildPhases = (
				DE73DEF928DF99BE00EEDCFA /* Sources */,
				DE73DEFA28DF99BE00EEDCFA /* Frameworks */,
				DE73DEFB28DF99BE00EEDCFA /* Resources */,
			);
			buildRules = (
			);
			dependencies = (
				DE73DEFF28DF99BE00EEDCFA /* PBXTargetDependency */,
			);
			name = NovelReaderUITests;
			productName = NovelReaderUITests;
			productReference = DE73DEFD28DF99BE00EEDCFA /* NovelReaderUITests.xctest */;
			productType = "com.apple.product-type.bundle.ui-testing";
		};
/* End PBXNativeTarget section */

/* Begin PBXProject section */
		DE73DED528DF99BB00EEDCFA /* Project object */ = {
			isa = PBXProject;
			attributes = {
				BuildIndependentTargetsInParallel = 1;
				LastSwiftUpdateCheck = 1400;
				LastUpgradeCheck = 1600;
				TargetAttributes = {
					DE73DEDC28DF99BB00EEDCFA = {
						CreatedOnToolsVersion = 14.0;
					};
					DE73DEF228DF99BE00EEDCFA = {
						CreatedOnToolsVersion = 14.0;
						TestTargetID = DE73DEDC28DF99BB00EEDCFA;
					};
					DE73DEFC28DF99BE00EEDCFA = {
						CreatedOnToolsVersion = 14.0;
						TestTargetID = DE73DEDC28DF99BB00EEDCFA;
					};
				};
			};
			buildConfigurationList = DE73DED828DF99BB00EEDCFA /* Build configuration list for PBXProject "NovelReader" */;
			compatibilityVersion = "Xcode 14.0";
			developmentRegion = en;
			hasScannedForEncodings = 0;
			knownRegions = (
				en,
				Base,
				"ta-IN",
			);
			mainGroup = DE73DED428DF99BB00EEDCFA;
			packageReferences = (
				D4CC765F2AC5974C001FAE7D /* XCLocalSwiftPackageReference "../MobileTheme" */,
				D4052F062C8A7E1900684111 /* XCLocalSwiftPackageReference "NovelReader/CoreData/MobileContentManager" */,
			);
			productRefGroup = DE73DEDE28DF99BB00EEDCFA /* Products */;
			projectDirPath = "";
			projectRoot = "";
			targets = (
				DE73DEDC28DF99BB00EEDCFA /* NovelReader */,
				DE73DEF228DF99BE00EEDCFA /* NovelReaderTests */,
				DE73DEFC28DF99BE00EEDCFA /* NovelReaderUITests */,
			);
		};
/* End PBXProject section */

/* Begin PBXResourcesBuildPhase section */
		DE73DEDB28DF99BB00EEDCFA /* Resources */ = {
			isa = PBXResourcesBuildPhase;
			buildActionMask = 2147483647;
			files = (
				DE16293B290492E600DD3E36 /* Theme.json in Resources */,
				D4413AFB2C8DFF1E002A97B8 /* Localizable.xcstrings in Resources */,
				D4CBCC762C86832C007DB031 /* NovelReader.db in Resources */,
				DE73DEE828DF99BD00EEDCFA /* Preview Assets.xcassets in Resources */,
				DE73DEE528DF99BD00EEDCFA /* Assets.xcassets in Resources */,
			);
			runOnlyForDeploymentPostprocessing = 0;
		};
		DE73DEF128DF99BE00EEDCFA /* Resources */ = {
			isa = PBXResourcesBuildPhase;
			buildActionMask = 2147483647;
			files = (
			);
			runOnlyForDeploymentPostprocessing = 0;
		};
		DE73DEFB28DF99BE00EEDCFA /* Resources */ = {
			isa = PBXResourcesBuildPhase;
			buildActionMask = 2147483647;
			files = (
			);
			runOnlyForDeploymentPostprocessing = 0;
		};
/* End PBXResourcesBuildPhase section */

/* Begin PBXShellScriptBuildPhase section */
		D40A2F0B2AC31ED100EBF66E /* SwiftLint Run Script */ = {
			isa = PBXShellScriptBuildPhase;
			alwaysOutOfDate = 1;
			buildActionMask = 2147483647;
			files = (
			);
			inputFileListPaths = (
			);
			inputPaths = (
			);
			name = "SwiftLint Run Script";
			outputFileListPaths = (
			);
			outputPaths = (
			);
			runOnlyForDeploymentPostprocessing = 0;
			shellPath = /bin/sh;
			shellScript = "if [[ \"$(uname -m)\" == arm64 ]]; then\n    export PATH=\"/opt/homebrew/bin:$PATH\"\nfi\n\nif which swiftlint > /dev/null; then\n  swiftlint\nelse\n  echo \"warning: SwiftLint not installed, download from https://github.com/realm/SwiftLint\"\nfi\n";
		};
/* End PBXShellScriptBuildPhase section */

/* Begin PBXSourcesBuildPhase section */
		DE73DED928DF99BB00EEDCFA /* Sources */ = {
			isa = PBXSourcesBuildPhase;
			buildActionMask = 2147483647;
			files = (
				DE73DEEA28DF99BD00EEDCFA /* ContentStore.swift in Sources */,
				DE305F2129175AAA0006D6CA /* LibaryView.swift in Sources */,
				D49FF4742B950A7700C7EFE2 /* ChapterView.swift in Sources */,
				DE73DEE328DF99BB00EEDCFA /* ContentView.swift in Sources */,
				DEB64125290F1DB200DC0A49 /* Destinations.swift in Sources */,
				DE7A45732909D934003AB2AD /* NovelView.swift in Sources */,
				DE73DEE128DF99BB00EEDCFA /* NovelReaderApp.swift in Sources */,
				DE7A45752909D949003AB2AD /* ProfileView.swift in Sources */,
				D4CBCC742C8682AC007DB031 /* Utility.swift in Sources */,
			);
			runOnlyForDeploymentPostprocessing = 0;
		};
		DE73DEEF28DF99BE00EEDCFA /* Sources */ = {
			isa = PBXSourcesBuildPhase;
			buildActionMask = 2147483647;
			files = (
				DE73DEF828DF99BE00EEDCFA /* NovelReaderTests.swift in Sources */,
			);
			runOnlyForDeploymentPostprocessing = 0;
		};
		DE73DEF928DF99BE00EEDCFA /* Sources */ = {
			isa = PBXSourcesBuildPhase;
			buildActionMask = 2147483647;
			files = (
				DE73DF0428DF99BE00EEDCFA /* NovelReaderUITestsLaunchTests.swift in Sources */,
				DE73DF0228DF99BE00EEDCFA /* NovelReaderUITests.swift in Sources */,
			);
			runOnlyForDeploymentPostprocessing = 0;
		};
/* End PBXSourcesBuildPhase section */

/* Begin PBXTargetDependency section */
		DE73DEF528DF99BE00EEDCFA /* PBXTargetDependency */ = {
			isa = PBXTargetDependency;
			target = DE73DEDC28DF99BB00EEDCFA /* NovelReader */;
			targetProxy = DE73DEF428DF99BE00EEDCFA /* PBXContainerItemProxy */;
		};
		DE73DEFF28DF99BE00EEDCFA /* PBXTargetDependency */ = {
			isa = PBXTargetDependency;
			target = DE73DEDC28DF99BB00EEDCFA /* NovelReader */;
			targetProxy = DE73DEFE28DF99BE00EEDCFA /* PBXContainerItemProxy */;
		};
/* End PBXTargetDependency section */

/* Begin XCBuildConfiguration section */
		DE73DF0528DF99BE00EEDCFA /* Debug */ = {
			isa = XCBuildConfiguration;
			buildSettings = {
				ALWAYS_SEARCH_USER_PATHS = NO;
				ASSETCATALOG_COMPILER_GENERATE_SWIFT_ASSET_SYMBOL_EXTENSIONS = YES;
				CLANG_ANALYZER_NONNULL = YES;
				CLANG_ANALYZER_NUMBER_OBJECT_CONVERSION = YES_AGGRESSIVE;
				CLANG_CXX_LANGUAGE_STANDARD = "gnu++20";
				CLANG_ENABLE_MODULES = YES;
				CLANG_ENABLE_OBJC_ARC = YES;
				CLANG_ENABLE_OBJC_WEAK = YES;
				CLANG_WARN_BLOCK_CAPTURE_AUTORELEASING = YES;
				CLANG_WARN_BOOL_CONVERSION = YES;
				CLANG_WARN_COMMA = YES;
				CLANG_WARN_CONSTANT_CONVERSION = YES;
				CLANG_WARN_DEPRECATED_OBJC_IMPLEMENTATIONS = YES;
				CLANG_WARN_DIRECT_OBJC_ISA_USAGE = YES_ERROR;
				CLANG_WARN_DOCUMENTATION_COMMENTS = YES;
				CLANG_WARN_EMPTY_BODY = YES;
				CLANG_WARN_ENUM_CONVERSION = YES;
				CLANG_WARN_INFINITE_RECURSION = YES;
				CLANG_WARN_INT_CONVERSION = YES;
				CLANG_WARN_NON_LITERAL_NULL_CONVERSION = YES;
				CLANG_WARN_OBJC_IMPLICIT_RETAIN_SELF = YES;
				CLANG_WARN_OBJC_LITERAL_CONVERSION = YES;
				CLANG_WARN_OBJC_ROOT_CLASS = YES_ERROR;
				CLANG_WARN_QUOTED_INCLUDE_IN_FRAMEWORK_HEADER = YES;
				CLANG_WARN_RANGE_LOOP_ANALYSIS = YES;
				CLANG_WARN_STRICT_PROTOTYPES = YES;
				CLANG_WARN_SUSPICIOUS_MOVE = YES;
				CLANG_WARN_UNGUARDED_AVAILABILITY = YES_AGGRESSIVE;
				CLANG_WARN_UNREACHABLE_CODE = YES;
				CLANG_WARN__DUPLICATE_METHOD_MATCH = YES;
				COPY_PHASE_STRIP = NO;
				DEBUG_INFORMATION_FORMAT = dwarf;
				ENABLE_STRICT_OBJC_MSGSEND = YES;
				ENABLE_TESTABILITY = YES;
				ENABLE_USER_SCRIPT_SANDBOXING = YES;
				GCC_C_LANGUAGE_STANDARD = gnu11;
				GCC_DYNAMIC_NO_PIC = NO;
				GCC_NO_COMMON_BLOCKS = YES;
				GCC_OPTIMIZATION_LEVEL = 0;
				GCC_PREPROCESSOR_DEFINITIONS = (
					"DEBUG=1",
					"$(inherited)",
				);
				GCC_WARN_64_TO_32_BIT_CONVERSION = YES;
				GCC_WARN_ABOUT_RETURN_TYPE = YES_ERROR;
				GCC_WARN_UNDECLARED_SELECTOR = YES;
				GCC_WARN_UNINITIALIZED_AUTOS = YES_AGGRESSIVE;
				GCC_WARN_UNUSED_FUNCTION = YES;
				GCC_WARN_UNUSED_VARIABLE = YES;
				IPHONEOS_DEPLOYMENT_TARGET = 17.0;
				MTL_ENABLE_DEBUG_INFO = INCLUDE_SOURCE;
				MTL_FAST_MATH = YES;
				ONLY_ACTIVE_ARCH = YES;
				SDKROOT = iphoneos;
				SWIFT_ACTIVE_COMPILATION_CONDITIONS = DEBUG;
				SWIFT_EMIT_LOC_STRINGS = YES;
				SWIFT_OPTIMIZATION_LEVEL = "-Onone";
			};
			name = Debug;
		};
		DE73DF0628DF99BE00EEDCFA /* Release */ = {
			isa = XCBuildConfiguration;
			buildSettings = {
				ALWAYS_SEARCH_USER_PATHS = NO;
				ASSETCATALOG_COMPILER_GENERATE_SWIFT_ASSET_SYMBOL_EXTENSIONS = YES;
				CLANG_ANALYZER_NONNULL = YES;
				CLANG_ANALYZER_NUMBER_OBJECT_CONVERSION = YES_AGGRESSIVE;
				CLANG_CXX_LANGUAGE_STANDARD = "gnu++20";
				CLANG_ENABLE_MODULES = YES;
				CLANG_ENABLE_OBJC_ARC = YES;
				CLANG_ENABLE_OBJC_WEAK = YES;
				CLANG_WARN_BLOCK_CAPTURE_AUTORELEASING = YES;
				CLANG_WARN_BOOL_CONVERSION = YES;
				CLANG_WARN_COMMA = YES;
				CLANG_WARN_CONSTANT_CONVERSION = YES;
				CLANG_WARN_DEPRECATED_OBJC_IMPLEMENTATIONS = YES;
				CLANG_WARN_DIRECT_OBJC_ISA_USAGE = YES_ERROR;
				CLANG_WARN_DOCUMENTATION_COMMENTS = YES;
				CLANG_WARN_EMPTY_BODY = YES;
				CLANG_WARN_ENUM_CONVERSION = YES;
				CLANG_WARN_INFINITE_RECURSION = YES;
				CLANG_WARN_INT_CONVERSION = YES;
				CLANG_WARN_NON_LITERAL_NULL_CONVERSION = YES;
				CLANG_WARN_OBJC_IMPLICIT_RETAIN_SELF = YES;
				CLANG_WARN_OBJC_LITERAL_CONVERSION = YES;
				CLANG_WARN_OBJC_ROOT_CLASS = YES_ERROR;
				CLANG_WARN_QUOTED_INCLUDE_IN_FRAMEWORK_HEADER = YES;
				CLANG_WARN_RANGE_LOOP_ANALYSIS = YES;
				CLANG_WARN_STRICT_PROTOTYPES = YES;
				CLANG_WARN_SUSPICIOUS_MOVE = YES;
				CLANG_WARN_UNGUARDED_AVAILABILITY = YES_AGGRESSIVE;
				CLANG_WARN_UNREACHABLE_CODE = YES;
				CLANG_WARN__DUPLICATE_METHOD_MATCH = YES;
				COPY_PHASE_STRIP = NO;
				DEBUG_INFORMATION_FORMAT = "dwarf-with-dsym";
				ENABLE_NS_ASSERTIONS = NO;
				ENABLE_STRICT_OBJC_MSGSEND = YES;
				ENABLE_USER_SCRIPT_SANDBOXING = YES;
				GCC_C_LANGUAGE_STANDARD = gnu11;
				GCC_NO_COMMON_BLOCKS = YES;
				GCC_WARN_64_TO_32_BIT_CONVERSION = YES;
				GCC_WARN_ABOUT_RETURN_TYPE = YES_ERROR;
				GCC_WARN_UNDECLARED_SELECTOR = YES;
				GCC_WARN_UNINITIALIZED_AUTOS = YES_AGGRESSIVE;
				GCC_WARN_UNUSED_FUNCTION = YES;
				GCC_WARN_UNUSED_VARIABLE = YES;
				IPHONEOS_DEPLOYMENT_TARGET = 17.0;
				MTL_ENABLE_DEBUG_INFO = NO;
				MTL_FAST_MATH = YES;
				SDKROOT = iphoneos;
				SWIFT_COMPILATION_MODE = wholemodule;
				SWIFT_EMIT_LOC_STRINGS = YES;
				SWIFT_OPTIMIZATION_LEVEL = "-O";
				VALIDATE_PRODUCT = YES;
			};
			name = Release;
		};
		DE73DF0828DF99BE00EEDCFA /* Debug */ = {
			isa = XCBuildConfiguration;
			buildSettings = {
				ASSETCATALOG_COMPILER_APPICON_NAME = AppIcon;
				ASSETCATALOG_COMPILER_GLOBAL_ACCENT_COLOR_NAME = AccentColor;
				CLANG_ANALYZER_SECURITY_FLOATLOOPCOUNTER = YES;
				CLANG_ANALYZER_SECURITY_INSECUREAPI_RAND = YES;
				CLANG_ANALYZER_SECURITY_INSECUREAPI_STRCPY = YES;
				CLANG_TIDY_BUGPRONE_REDUNDANT_BRANCH_CONDITION = YES;
				CLANG_TIDY_MISC_REDUNDANT_EXPRESSION = YES;
				CLANG_WARN_FRAMEWORK_INCLUDE_PRIVATE_FROM_PUBLIC = YES;
				CODE_SIGN_STYLE = Automatic;
				CURRENT_PROJECT_VERSION = 1;
				DEVELOPMENT_ASSET_PATHS = "\"NovelReader/Preview Content\"";
				DEVELOPMENT_TEAM = W6W48SVQX7;
				ENABLE_PREVIEWS = YES;
				ENABLE_USER_SCRIPT_SANDBOXING = NO;
				GCC_TREAT_WARNINGS_AS_ERRORS = YES;
				GCC_WARN_UNUSED_LABEL = YES;
				GENERATE_INFOPLIST_FILE = YES;
				INFOPLIST_FILE = NovelReader/Info.plist;
				INFOPLIST_KEY_LSApplicationCategoryType = "public.app-category.books";
				INFOPLIST_KEY_UIApplicationSceneManifest_Generation = YES;
				INFOPLIST_KEY_UIApplicationSupportsIndirectInputEvents = YES;
				INFOPLIST_KEY_UILaunchScreen_Generation = YES;
				INFOPLIST_KEY_UISupportedInterfaceOrientations = UIInterfaceOrientationPortrait;
				INFOPLIST_KEY_UISupportedInterfaceOrientations_iPad = "UIInterfaceOrientationLandscapeLeft UIInterfaceOrientationLandscapeRight UIInterfaceOrientationPortrait UIInterfaceOrientationPortraitUpsideDown";
				IPHONEOS_DEPLOYMENT_TARGET = 17.0;
				LD_RUNPATH_SEARCH_PATHS = (
					"$(inherited)",
					"@executable_path/Frameworks",
				);
				MACOSX_DEPLOYMENT_TARGET = 13.4;
				MARKETING_VERSION = 1.0;
				PRODUCT_BUNDLE_IDENTIFIER = com.ft.NovelReader;
				PRODUCT_NAME = "$(TARGET_NAME)";
				SWIFT_EMIT_LOC_STRINGS = YES;
				SWIFT_VERSION = 5.0;
				TARGETED_DEVICE_FAMILY = "1,2";
				TVOS_DEPLOYMENT_TARGET = 15.0;
				WATCHOS_DEPLOYMENT_TARGET = 9.0;
			};
			name = Debug;
		};
		DE73DF0928DF99BE00EEDCFA /* Release */ = {
			isa = XCBuildConfiguration;
			buildSettings = {
				ASSETCATALOG_COMPILER_APPICON_NAME = AppIcon;
				ASSETCATALOG_COMPILER_GLOBAL_ACCENT_COLOR_NAME = AccentColor;
				CLANG_ANALYZER_SECURITY_FLOATLOOPCOUNTER = YES;
				CLANG_ANALYZER_SECURITY_INSECUREAPI_RAND = YES;
				CLANG_ANALYZER_SECURITY_INSECUREAPI_STRCPY = YES;
				CLANG_TIDY_BUGPRONE_REDUNDANT_BRANCH_CONDITION = YES;
				CLANG_TIDY_MISC_REDUNDANT_EXPRESSION = YES;
				CLANG_WARN_FRAMEWORK_INCLUDE_PRIVATE_FROM_PUBLIC = YES;
				CODE_SIGN_STYLE = Automatic;
				CURRENT_PROJECT_VERSION = 1;
				DEVELOPMENT_ASSET_PATHS = "\"NovelReader/Preview Content\"";
				DEVELOPMENT_TEAM = W6W48SVQX7;
				ENABLE_PREVIEWS = YES;
				ENABLE_USER_SCRIPT_SANDBOXING = NO;
				GCC_TREAT_WARNINGS_AS_ERRORS = YES;
				GCC_WARN_UNUSED_LABEL = YES;
				GENERATE_INFOPLIST_FILE = YES;
				INFOPLIST_FILE = NovelReader/Info.plist;
				INFOPLIST_KEY_LSApplicationCategoryType = "public.app-category.books";
				INFOPLIST_KEY_UIApplicationSceneManifest_Generation = YES;
				INFOPLIST_KEY_UIApplicationSupportsIndirectInputEvents = YES;
				INFOPLIST_KEY_UILaunchScreen_Generation = YES;
				INFOPLIST_KEY_UISupportedInterfaceOrientations = UIInterfaceOrientationPortrait;
				INFOPLIST_KEY_UISupportedInterfaceOrientations_iPad = "UIInterfaceOrientationLandscapeLeft UIInterfaceOrientationLandscapeRight UIInterfaceOrientationPortrait UIInterfaceOrientationPortraitUpsideDown";
				IPHONEOS_DEPLOYMENT_TARGET = 17.0;
				LD_RUNPATH_SEARCH_PATHS = (
					"$(inherited)",
					"@executable_path/Frameworks",
				);
				MACOSX_DEPLOYMENT_TARGET = 13.4;
				MARKETING_VERSION = 1.0;
				PRODUCT_BUNDLE_IDENTIFIER = com.ft.NovelReader;
				PRODUCT_NAME = "$(TARGET_NAME)";
				SWIFT_EMIT_LOC_STRINGS = YES;
				SWIFT_VERSION = 5.0;
				TARGETED_DEVICE_FAMILY = "1,2";
				TVOS_DEPLOYMENT_TARGET = 15.0;
				WATCHOS_DEPLOYMENT_TARGET = 9.0;
			};
			name = Release;
		};
		DE73DF0B28DF99BE00EEDCFA /* Debug */ = {
			isa = XCBuildConfiguration;
			buildSettings = {
				BUNDLE_LOADER = "$(TEST_HOST)";
				CODE_SIGN_STYLE = Automatic;
				CURRENT_PROJECT_VERSION = 1;
				DEVELOPMENT_TEAM = W6W48SVQX7;
				GENERATE_INFOPLIST_FILE = YES;
				IPHONEOS_DEPLOYMENT_TARGET = 15.0;
				MARKETING_VERSION = 1.0;
				PRODUCT_BUNDLE_IDENTIFIER = com.ft.NovelReaderTests;
				PRODUCT_NAME = "$(TARGET_NAME)";
				SWIFT_EMIT_LOC_STRINGS = NO;
				SWIFT_VERSION = 5.0;
				TARGETED_DEVICE_FAMILY = "1,2";
				TEST_HOST = "$(BUILT_PRODUCTS_DIR)/NovelReader.app/$(BUNDLE_EXECUTABLE_FOLDER_PATH)/NovelReader";
			};
			name = Debug;
		};
		DE73DF0C28DF99BE00EEDCFA /* Release */ = {
			isa = XCBuildConfiguration;
			buildSettings = {
				BUNDLE_LOADER = "$(TEST_HOST)";
				CODE_SIGN_STYLE = Automatic;
				CURRENT_PROJECT_VERSION = 1;
				DEVELOPMENT_TEAM = W6W48SVQX7;
				GENERATE_INFOPLIST_FILE = YES;
				IPHONEOS_DEPLOYMENT_TARGET = 15.0;
				MARKETING_VERSION = 1.0;
				PRODUCT_BUNDLE_IDENTIFIER = com.ft.NovelReaderTests;
				PRODUCT_NAME = "$(TARGET_NAME)";
				SWIFT_EMIT_LOC_STRINGS = NO;
				SWIFT_VERSION = 5.0;
				TARGETED_DEVICE_FAMILY = "1,2";
				TEST_HOST = "$(BUILT_PRODUCTS_DIR)/NovelReader.app/$(BUNDLE_EXECUTABLE_FOLDER_PATH)/NovelReader";
			};
			name = Release;
		};
		DE73DF0E28DF99BE00EEDCFA /* Debug */ = {
			isa = XCBuildConfiguration;
			buildSettings = {
				CODE_SIGN_STYLE = Automatic;
				CURRENT_PROJECT_VERSION = 1;
				DEVELOPMENT_TEAM = W6W48SVQX7;
				GENERATE_INFOPLIST_FILE = YES;
				MARKETING_VERSION = 1.0;
				PRODUCT_BUNDLE_IDENTIFIER = com.ft.NovelReaderUITests;
				PRODUCT_NAME = "$(TARGET_NAME)";
				SWIFT_EMIT_LOC_STRINGS = NO;
				SWIFT_VERSION = 5.0;
				TARGETED_DEVICE_FAMILY = "1,2";
				TEST_TARGET_NAME = NovelReader;
			};
			name = Debug;
		};
		DE73DF0F28DF99BE00EEDCFA /* Release */ = {
			isa = XCBuildConfiguration;
			buildSettings = {
				CODE_SIGN_STYLE = Automatic;
				CURRENT_PROJECT_VERSION = 1;
				DEVELOPMENT_TEAM = W6W48SVQX7;
				GENERATE_INFOPLIST_FILE = YES;
				MARKETING_VERSION = 1.0;
				PRODUCT_BUNDLE_IDENTIFIER = com.ft.NovelReaderUITests;
				PRODUCT_NAME = "$(TARGET_NAME)";
				SWIFT_EMIT_LOC_STRINGS = NO;
				SWIFT_VERSION = 5.0;
				TARGETED_DEVICE_FAMILY = "1,2";
				TEST_TARGET_NAME = NovelReader;
			};
			name = Release;
		};
/* End XCBuildConfiguration section */

/* Begin XCConfigurationList section */
		DE73DED828DF99BB00EEDCFA /* Build configuration list for PBXProject "NovelReader" */ = {
			isa = XCConfigurationList;
			buildConfigurations = (
				DE73DF0528DF99BE00EEDCFA /* Debug */,
				DE73DF0628DF99BE00EEDCFA /* Release */,
			);
			defaultConfigurationIsVisible = 0;
			defaultConfigurationName = Release;
		};
		DE73DF0728DF99BE00EEDCFA /* Build configuration list for PBXNativeTarget "NovelReader" */ = {
			isa = XCConfigurationList;
			buildConfigurations = (
				DE73DF0828DF99BE00EEDCFA /* Debug */,
				DE73DF0928DF99BE00EEDCFA /* Release */,
			);
			defaultConfigurationIsVisible = 0;
			defaultConfigurationName = Release;
		};
		DE73DF0A28DF99BE00EEDCFA /* Build configuration list for PBXNativeTarget "NovelReaderTests" */ = {
			isa = XCConfigurationList;
			buildConfigurations = (
				DE73DF0B28DF99BE00EEDCFA /* Debug */,
				DE73DF0C28DF99BE00EEDCFA /* Release */,
			);
			defaultConfigurationIsVisible = 0;
			defaultConfigurationName = Release;
		};
		DE73DF0D28DF99BE00EEDCFA /* Build configuration list for PBXNativeTarget "NovelReaderUITests" */ = {
			isa = XCConfigurationList;
			buildConfigurations = (
				DE73DF0E28DF99BE00EEDCFA /* Debug */,
				DE73DF0F28DF99BE00EEDCFA /* Release */,
			);
			defaultConfigurationIsVisible = 0;
			defaultConfigurationName = Release;
		};
/* End XCConfigurationList section */

/* Begin XCLocalSwiftPackageReference section */
		D4052F062C8A7E1900684111 /* XCLocalSwiftPackageReference "NovelReader/CoreData/MobileContentManager" */ = {
			isa = XCLocalSwiftPackageReference;
			relativePath = NovelReader/CoreData/MobileContentManager;
		};
		D4CC765F2AC5974C001FAE7D /* XCLocalSwiftPackageReference "../MobileTheme" */ = {
			isa = XCLocalSwiftPackageReference;
			relativePath = ../MobileTheme;
		};
/* End XCLocalSwiftPackageReference section */

/* Begin XCSwiftPackageProductDependency section */
		D4052F072C8A7E1900684111 /* MobileContentManager */ = {
			isa = XCSwiftPackageProductDependency;
			productName = MobileContentManager;
		};
		D4052F092C8A7E3300684111 /* MobileContentManager */ = {
			isa = XCSwiftPackageProductDependency;
			productName = MobileContentManager;
		};
		D4CBCC782C868983007DB031 /* MobileContentManager */ = {
			isa = XCSwiftPackageProductDependency;
			productName = MobileContentManager;
		};
		D4CC76602AC5974C001FAE7D /* MobileTheme */ = {
			isa = XCSwiftPackageProductDependency;
			productName = MobileTheme;
		};
/* End XCSwiftPackageProductDependency section */
	};
	rootObject = DE73DED528DF99BB00EEDCFA /* Project object */;
}
