{
  "pins" : [
    {
      "identity" : "mobilecoreui",
      "kind" : "remoteSourceControl",
      "location" : "https://github.com/ppraveentr/MobileCoreUI",
      "state" : {
        "revision" : "b2b3393d852d3697510824baa8af626e67f91d90",
        "version" : "1.0.2"
      }
    }
  ],
  "version" : 2
}
