{
  "pins" : [
    {
      "identity" : "mobiletheme",
      "kind" : "remoteSourceControl",
      "location" : "git@github.com:ppraveentr/MobileTheme.git",
      "state" : {
        "revision" : "5197267ab12d6ecf781fec015ad8275a9fa15b0e",
        "version" : "1.0.3"
      }
    }
  ],
  "version" : 2
}
